
Microsoft Visual Studio Solution File, Format Version 12.00
# Visual Studio Version 16
VisualStudioVersion = 16.0.29001.49
MinimumVisualStudioVersion = 10.0.40219.1
Project("{FAE04EC0-301F-11D3-BF4B-00C04F79EFBC}") = "TradeBlotter", "TradeBlotter\TradeBlotter.csproj", "{941E287F-F9DC-471F-854C-126F9DFE2A62}"
EndProject
Global
	GlobalSection(SolutionConfigurationPlatforms) = preSolution
		Debug|Any CPU = Debug|Any CPU
		Release|Any CPU = Release|Any CPU
	EndGlobalSection
	GlobalSection(ProjectConfigurationPlatforms) = postSolution
		{941E287F-F9DC-471F-854C-126F9DFE2A62}.Debug|Any CPU.ActiveCfg = Debug|Any CPU
		{941E287F-F9DC-471F-854C-126F9DFE2A62}.Debug|Any CPU.Build.0 = Debug|Any CPU
		{941E287F-F9DC-471F-854C-126F9DFE2A62}.Release|Any CPU.ActiveCfg = Release|Any CPU
		{941E287F-F9DC-471F-854C-126F9DFE2A62}.Release|Any CPU.Build.0 = Release|Any CPU
	EndGlobalSection
	GlobalSection(SolutionProperties) = preSolution
		HideSolutionNode = FALSE
	EndGlobalSection
	GlobalSection(ExtensibilityGlobals) = postSolution
		SolutionGuid = {C5B231FF-35B3-4601-A435-EAB3C648637A}
	EndGlobalSection
EndGlobal
